
Microsoft Visual Studio Solution File, Format Version 12.00
# Visual Studio Version 16
VisualStudioVersion = 16.0.30907.101
MinimumVisualStudioVersion = 10.0.40219.1
Project("{FAE04EC0-301F-11D3-BF4B-00C04F79EFBC}") = "GrpcGreeter", "GrpcGreeter\GrpcGreeter.csproj", "{4DB6FA36-C07C-458C-95FC-E3B7CDEB739C}"
EndProject
Project("{FAE04EC0-301F-11D3-BF4B-00C04F79EFBC}") = "GrpcGreeterClient", "GrpcGreeterClient\GrpcGreeterClient.csproj", "{71A05BE8-A975-4DFF-8AB9-71A700E31E44}"
EndProject
Global
	GlobalSection(SolutionConfigurationPlatforms) = preSolution
		Debug|Any CPU = Debug|Any CPU
		Release|Any CPU = Release|Any CPU
	EndGlobalSection
	GlobalSection(ProjectConfigurationPlatforms) = postSolution
		{4DB6FA36-C07C-458C-95FC-E3B7CDEB739C}.Debug|Any CPU.ActiveCfg = Debug|Any CPU
		{4DB6FA36-C07C-458C-95FC-E3B7CDEB739C}.Debug|Any CPU.Build.0 = Debug|Any CPU
		{4DB6FA36-C07C-458C-95FC-E3B7CDEB739C}.Release|Any CPU.ActiveCfg = Release|Any CPU
		{4DB6FA36-C07C-458C-95FC-E3B7CDEB739C}.Release|Any CPU.Build.0 = Release|Any CPU
		{71A05BE8-A975-4DFF-8AB9-71A700E31E44}.Debug|Any CPU.ActiveCfg = Debug|Any CPU
		{71A05BE8-A975-4DFF-8AB9-71A700E31E44}.Debug|Any CPU.Build.0 = Debug|Any CPU
		{71A05BE8-A975-4DFF-8AB9-71A700E31E44}.Release|Any CPU.ActiveCfg = Release|Any CPU
		{71A05BE8-A975-4DFF-8AB9-71A700E31E44}.Release|Any CPU.Build.0 = Release|Any CPU
	EndGlobalSection
	GlobalSection(SolutionProperties) = preSolution
		HideSolutionNode = FALSE
	EndGlobalSection
	GlobalSection(ExtensibilityGlobals) = postSolution
		SolutionGuid = {34528669-A1E8-4D68-87E8-8F18D1AF6F32}
	EndGlobalSection
EndGlobal
